
Microsoft Visual Studio Solution File, Format Version 12.00
# Visual Studio Version 17
VisualStudioVersion = 17.3.32804.467
MinimumVisualStudioVersion = 10.0.40219.1
Project("{FAE04EC0-301F-11D3-BF4B-00C04F79EFBC}") = "ClassAndObject", "ClassAndObject\ClassAndObject.csproj", "{7E16AE9E-5FDC-480D-9C92-4E94DC10B2ED}"
EndProject
Project("{FAE04EC0-301F-11D3-BF4B-00C04F79EFBC}") = "DemoKeThua", "DemoKeThua\DemoKeThua.csproj", "{F8FE5EF4-B33E-4ECF-8E22-5903FF7087B4}"
EndProject
Project("{FAE04EC0-301F-11D3-BF4B-00C04F79EFBC}") = "DemoList", "DemoList\DemoList.csproj", "{7572724A-55CF-47BD-9BBA-CEBA37B97FE9}"
EndProject
Global
	GlobalSection(SolutionConfigurationPlatforms) = preSolution
		Debug|Any CPU = Debug|Any CPU
		Release|Any CPU = Release|Any CPU
	EndGlobalSection
	GlobalSection(ProjectConfigurationPlatforms) = postSolution
		{7E16AE9E-5FDC-480D-9C92-4E94DC10B2ED}.Debug|Any CPU.ActiveCfg = Debug|Any CPU
		{7E16AE9E-5FDC-480D-9C92-4E94DC10B2ED}.Debug|Any CPU.Build.0 = Debug|Any CPU
		{7E16AE9E-5FDC-480D-9C92-4E94DC10B2ED}.Release|Any CPU.ActiveCfg = Release|Any CPU
		{7E16AE9E-5FDC-480D-9C92-4E94DC10B2ED}.Release|Any CPU.Build.0 = Release|Any CPU
		{F8FE5EF4-B33E-4ECF-8E22-5903FF7087B4}.Debug|Any CPU.ActiveCfg = Debug|Any CPU
		{F8FE5EF4-B33E-4ECF-8E22-5903FF7087B4}.Debug|Any CPU.Build.0 = Debug|Any CPU
		{F8FE5EF4-B33E-4ECF-8E22-5903FF7087B4}.Release|Any CPU.ActiveCfg = Release|Any CPU
		{F8FE5EF4-B33E-4ECF-8E22-5903FF7087B4}.Release|Any CPU.Build.0 = Release|Any CPU
		{7572724A-55CF-47BD-9BBA-CEBA37B97FE9}.Debug|Any CPU.ActiveCfg = Debug|Any CPU
		{7572724A-55CF-47BD-9BBA-CEBA37B97FE9}.Debug|Any CPU.Build.0 = Debug|Any CPU
		{7572724A-55CF-47BD-9BBA-CEBA37B97FE9}.Release|Any CPU.ActiveCfg = Release|Any CPU
		{7572724A-55CF-47BD-9BBA-CEBA37B97FE9}.Release|Any CPU.Build.0 = Release|Any CPU
	EndGlobalSection
	GlobalSection(SolutionProperties) = preSolution
		HideSolutionNode = FALSE
	EndGlobalSection
	GlobalSection(ExtensibilityGlobals) = postSolution
		SolutionGuid = {29A4DD62-608E-4C26-9FFC-666527079331}
	EndGlobalSection
EndGlobal
