
Microsoft Visual Studio Solution File, Format Version 12.00
# Visual Studio Version 17
VisualStudioVersion = 17.5.33516.290
MinimumVisualStudioVersion = 10.0.40219.1
Project("{FAE04EC0-301F-11D3-BF4B-00C04F79EFBC}") = "DemoWebAPI", "DemoWebAPI\DemoWebAPI.csproj", "{904AF77E-954D-4CD5-B1CA-23A7FAE10438}"
EndProject
Global
	GlobalSection(SolutionConfigurationPlatforms) = preSolution
		Debug|Any CPU = Debug|Any CPU
		Release|Any CPU = Release|Any CPU
	EndGlobalSection
	GlobalSection(ProjectConfigurationPlatforms) = postSolution
		{904AF77E-954D-4CD5-B1CA-23A7FAE10438}.Debug|Any CPU.ActiveCfg = Debug|Any CPU
		{904AF77E-954D-4CD5-B1CA-23A7FAE10438}.Debug|Any CPU.Build.0 = Debug|Any CPU
		{904AF77E-954D-4CD5-B1CA-23A7FAE10438}.Release|Any CPU.ActiveCfg = Release|Any CPU
		{904AF77E-954D-4CD5-B1CA-23A7FAE10438}.Release|Any CPU.Build.0 = Release|Any CPU
	EndGlobalSection
	GlobalSection(SolutionProperties) = preSolution
		HideSolutionNode = FALSE
	EndGlobalSection
	GlobalSection(ExtensibilityGlobals) = postSolution
		SolutionGuid = {637DB0F9-C2FD-439D-94C2-B3137A6F5D46}
	EndGlobalSection
EndGlobal
