
Microsoft Visual Studio Solution File, Format Version 12.00
# Visual Studio Version 17
VisualStudioVersion = 17.3.32804.467
MinimumVisualStudioVersion = 10.0.40219.1
Project("{FAE04EC0-301F-11D3-BF4B-00C04F79EFBC}") = "ClassAndObject", "ClassAndObject\ClassAndObject.csproj", "{B11FC8B2-1AAE-4293-91A9-2E67F6E23B6E}"
EndProject
Project("{FAE04EC0-301F-11D3-BF4B-00C04F79EFBC}") = "Inherit", "Inherit\Inherit.csproj", "{74CF8488-E357-4165-A04C-A5521E67E393}"
EndProject
Project("{FAE04EC0-301F-11D3-BF4B-00C04F79EFBC}") = "DemoList", "DemoList\DemoList.csproj", "{09F51183-7A6B-491B-8EAC-C774F556BBC5}"
EndProject
Global
	GlobalSection(SolutionConfigurationPlatforms) = preSolution
		Debug|Any CPU = Debug|Any CPU
		Release|Any CPU = Release|Any CPU
	EndGlobalSection
	GlobalSection(ProjectConfigurationPlatforms) = postSolution
		{B11FC8B2-1AAE-4293-91A9-2E67F6E23B6E}.Debug|Any CPU.ActiveCfg = Debug|Any CPU
		{B11FC8B2-1AAE-4293-91A9-2E67F6E23B6E}.Debug|Any CPU.Build.0 = Debug|Any CPU
		{B11FC8B2-1AAE-4293-91A9-2E67F6E23B6E}.Release|Any CPU.ActiveCfg = Release|Any CPU
		{B11FC8B2-1AAE-4293-91A9-2E67F6E23B6E}.Release|Any CPU.Build.0 = Release|Any CPU
		{74CF8488-E357-4165-A04C-A5521E67E393}.Debug|Any CPU.ActiveCfg = Debug|Any CPU
		{74CF8488-E357-4165-A04C-A5521E67E393}.Debug|Any CPU.Build.0 = Debug|Any CPU
		{74CF8488-E357-4165-A04C-A5521E67E393}.Release|Any CPU.ActiveCfg = Release|Any CPU
		{74CF8488-E357-4165-A04C-A5521E67E393}.Release|Any CPU.Build.0 = Release|Any CPU
		{09F51183-7A6B-491B-8EAC-C774F556BBC5}.Debug|Any CPU.ActiveCfg = Debug|Any CPU
		{09F51183-7A6B-491B-8EAC-C774F556BBC5}.Debug|Any CPU.Build.0 = Debug|Any CPU
		{09F51183-7A6B-491B-8EAC-C774F556BBC5}.Release|Any CPU.ActiveCfg = Release|Any CPU
		{09F51183-7A6B-491B-8EAC-C774F556BBC5}.Release|Any CPU.Build.0 = Release|Any CPU
	EndGlobalSection
	GlobalSection(SolutionProperties) = preSolution
		HideSolutionNode = FALSE
	EndGlobalSection
	GlobalSection(ExtensibilityGlobals) = postSolution
		SolutionGuid = {20FF5338-418B-4E25-B4F0-56585E179371}
	EndGlobalSection
EndGlobal
