
Microsoft Visual Studio Solution File, Format Version 12.00
# Visual Studio Version 17
VisualStudioVersion = 17.3.32804.467
MinimumVisualStudioVersion = 10.0.40219.1
Project("{FAE04EC0-301F-11D3-BF4B-00C04F79EFBC}") = "DemoClassAndObject", "DemoClassAndObject\DemoClassAndObject.csproj", "{AF7E6A89-0E04-4ED5-A619-C1012286BA31}"
EndProject
Project("{FAE04EC0-301F-11D3-BF4B-00C04F79EFBC}") = "Inherit", "Inherit\Inherit.csproj", "{37247A7C-6040-46DC-8F01-44C57CD2185E}"
EndProject
Project("{FAE04EC0-301F-11D3-BF4B-00C04F79EFBC}") = "DemoList", "DemoList\DemoList.csproj", "{ED12CAF6-7790-4F5B-9840-E5439911CA86}"
EndProject
Global
	GlobalSection(SolutionConfigurationPlatforms) = preSolution
		Debug|Any CPU = Debug|Any CPU
		Release|Any CPU = Release|Any CPU
	EndGlobalSection
	GlobalSection(ProjectConfigurationPlatforms) = postSolution
		{AF7E6A89-0E04-4ED5-A619-C1012286BA31}.Debug|Any CPU.ActiveCfg = Debug|Any CPU
		{AF7E6A89-0E04-4ED5-A619-C1012286BA31}.Debug|Any CPU.Build.0 = Debug|Any CPU
		{AF7E6A89-0E04-4ED5-A619-C1012286BA31}.Release|Any CPU.ActiveCfg = Release|Any CPU
		{AF7E6A89-0E04-4ED5-A619-C1012286BA31}.Release|Any CPU.Build.0 = Release|Any CPU
		{37247A7C-6040-46DC-8F01-44C57CD2185E}.Debug|Any CPU.ActiveCfg = Debug|Any CPU
		{37247A7C-6040-46DC-8F01-44C57CD2185E}.Debug|Any CPU.Build.0 = Debug|Any CPU
		{37247A7C-6040-46DC-8F01-44C57CD2185E}.Release|Any CPU.ActiveCfg = Release|Any CPU
		{37247A7C-6040-46DC-8F01-44C57CD2185E}.Release|Any CPU.Build.0 = Release|Any CPU
		{ED12CAF6-7790-4F5B-9840-E5439911CA86}.Debug|Any CPU.ActiveCfg = Debug|Any CPU
		{ED12CAF6-7790-4F5B-9840-E5439911CA86}.Debug|Any CPU.Build.0 = Debug|Any CPU
		{ED12CAF6-7790-4F5B-9840-E5439911CA86}.Release|Any CPU.ActiveCfg = Release|Any CPU
		{ED12CAF6-7790-4F5B-9840-E5439911CA86}.Release|Any CPU.Build.0 = Release|Any CPU
	EndGlobalSection
	GlobalSection(SolutionProperties) = preSolution
		HideSolutionNode = FALSE
	EndGlobalSection
	GlobalSection(ExtensibilityGlobals) = postSolution
		SolutionGuid = {A02198A1-06A3-42B7-A8BC-B62AAB8C1554}
	EndGlobalSection
EndGlobal
