
Microsoft Visual Studio Solution File, Format Version 12.00
# Visual Studio Version 17
VisualStudioVersion = 17.3.32804.467
MinimumVisualStudioVersion = 10.0.40219.1
Project("{9A19103F-16F7-4668-BE54-9A1E7A4F7556}") = "WebApplication", "WebApplication3\WebApplication.csproj", "{F8A9D6D7-8A01-403C-AF75-CC9D00A181B4}"
EndProject
Global
	GlobalSection(SolutionConfigurationPlatforms) = preSolution
		Debug|Any CPU = Debug|Any CPU
		Release|Any CPU = Release|Any CPU
	EndGlobalSection
	GlobalSection(ProjectConfigurationPlatforms) = postSolution
		{F8A9D6D7-8A01-403C-AF75-CC9D00A181B4}.Debug|Any CPU.ActiveCfg = Debug|Any CPU
		{F8A9D6D7-8A01-403C-AF75-CC9D00A181B4}.Debug|Any CPU.Build.0 = Debug|Any CPU
		{F8A9D6D7-8A01-403C-AF75-CC9D00A181B4}.Release|Any CPU.ActiveCfg = Release|Any CPU
		{F8A9D6D7-8A01-403C-AF75-CC9D00A181B4}.Release|Any CPU.Build.0 = Release|Any CPU
	EndGlobalSection
	GlobalSection(SolutionProperties) = preSolution
		HideSolutionNode = FALSE
	EndGlobalSection
	GlobalSection(ExtensibilityGlobals) = postSolution
		SolutionGuid = {3BCD0AE6-D419-4D4D-B584-AB042568BA8F}
	EndGlobalSection
EndGlobal
