
Microsoft Visual Studio Solution File, Format Version 12.00
# Visual Studio Version 17
VisualStudioVersion = 17.3.32804.467
MinimumVisualStudioVersion = 10.0.40219.1
Project("{FAE04EC0-301F-11D3-BF4B-00C04F79EFBC}") = "WebAPI", "WebAPI\WebAPI.csproj", "{A09E306F-506F-4987-934A-3A14408C940A}"
EndProject
Global
	GlobalSection(SolutionConfigurationPlatforms) = preSolution
		Debug|Any CPU = Debug|Any CPU
		Release|Any CPU = Release|Any CPU
	EndGlobalSection
	GlobalSection(ProjectConfigurationPlatforms) = postSolution
		{A09E306F-506F-4987-934A-3A14408C940A}.Debug|Any CPU.ActiveCfg = Debug|Any CPU
		{A09E306F-506F-4987-934A-3A14408C940A}.Debug|Any CPU.Build.0 = Debug|Any CPU
		{A09E306F-506F-4987-934A-3A14408C940A}.Release|Any CPU.ActiveCfg = Release|Any CPU
		{A09E306F-506F-4987-934A-3A14408C940A}.Release|Any CPU.Build.0 = Release|Any CPU
	EndGlobalSection
	GlobalSection(SolutionProperties) = preSolution
		HideSolutionNode = FALSE
	EndGlobalSection
	GlobalSection(ExtensibilityGlobals) = postSolution
		SolutionGuid = {975A7754-55BB-478A-AC66-47C729A9D03E}
	EndGlobalSection
EndGlobal
