
Microsoft Visual Studio Solution File, Format Version 12.00
# Visual Studio Version 17
VisualStudioVersion = 17.3.32804.467
MinimumVisualStudioVersion = 10.0.40219.1
Project("{9A19103F-16F7-4668-BE54-9A1E7A4F7556}") = "DemoRESTfulAPI", "DemoRESTfulAPI\DemoRESTfulAPI.csproj", "{C2EBD408-42B7-4A4F-9A6E-99F11C0E631C}"
EndProject
Project("{9A19103F-16F7-4668-BE54-9A1E7A4F7556}") = "WebMVC", "WebMVC\WebMVC.csproj", "{8E34637C-FE9E-4085-B001-790A3DE60CB9}"
EndProject
Project("{FAE04EC0-301F-11D3-BF4B-00C04F79EFBC}") = "WebApplication1", "WebApplication1\WebApplication1.csproj", "{0A5DB166-702F-4947-91CD-4D29CC772A7B}"
EndProject
Global
	GlobalSection(SolutionConfigurationPlatforms) = preSolution
		Debug|Any CPU = Debug|Any CPU
		Release|Any CPU = Release|Any CPU
	EndGlobalSection
	GlobalSection(ProjectConfigurationPlatforms) = postSolution
		{C2EBD408-42B7-4A4F-9A6E-99F11C0E631C}.Debug|Any CPU.ActiveCfg = Debug|Any CPU
		{C2EBD408-42B7-4A4F-9A6E-99F11C0E631C}.Debug|Any CPU.Build.0 = Debug|Any CPU
		{C2EBD408-42B7-4A4F-9A6E-99F11C0E631C}.Release|Any CPU.ActiveCfg = Release|Any CPU
		{C2EBD408-42B7-4A4F-9A6E-99F11C0E631C}.Release|Any CPU.Build.0 = Release|Any CPU
		{8E34637C-FE9E-4085-B001-790A3DE60CB9}.Debug|Any CPU.ActiveCfg = Debug|Any CPU
		{8E34637C-FE9E-4085-B001-790A3DE60CB9}.Debug|Any CPU.Build.0 = Debug|Any CPU
		{8E34637C-FE9E-4085-B001-790A3DE60CB9}.Release|Any CPU.ActiveCfg = Release|Any CPU
		{8E34637C-FE9E-4085-B001-790A3DE60CB9}.Release|Any CPU.Build.0 = Release|Any CPU
		{0A5DB166-702F-4947-91CD-4D29CC772A7B}.Debug|Any CPU.ActiveCfg = Debug|Any CPU
		{0A5DB166-702F-4947-91CD-4D29CC772A7B}.Debug|Any CPU.Build.0 = Debug|Any CPU
		{0A5DB166-702F-4947-91CD-4D29CC772A7B}.Release|Any CPU.ActiveCfg = Release|Any CPU
		{0A5DB166-702F-4947-91CD-4D29CC772A7B}.Release|Any CPU.Build.0 = Release|Any CPU
	EndGlobalSection
	GlobalSection(SolutionProperties) = preSolution
		HideSolutionNode = FALSE
	EndGlobalSection
	GlobalSection(ExtensibilityGlobals) = postSolution
		SolutionGuid = {70A65EF1-BCB4-4537-9836-1910CB1DD0AC}
	EndGlobalSection
EndGlobal
