
Microsoft Visual Studio Solution File, Format Version 12.00
# Visual Studio Version 17
VisualStudioVersion = 17.5.002.0
MinimumVisualStudioVersion = 10.0.40219.1
Project("{9A19103F-16F7-4668-BE54-9A1E7A4F7556}") = "De5", "De5.csproj", "{BA68D45B-5B37-44BF-B3E8-16C12276F368}"
EndProject
Global
	GlobalSection(SolutionConfigurationPlatforms) = preSolution
		Debug|Any CPU = Debug|Any CPU
		Release|Any CPU = Release|Any CPU
	EndGlobalSection
	GlobalSection(ProjectConfigurationPlatforms) = postSolution
		{BA68D45B-5B37-44BF-B3E8-16C12276F368}.Debug|Any CPU.ActiveCfg = Debug|Any CPU
		{BA68D45B-5B37-44BF-B3E8-16C12276F368}.Debug|Any CPU.Build.0 = Debug|Any CPU
		{BA68D45B-5B37-44BF-B3E8-16C12276F368}.Release|Any CPU.ActiveCfg = Release|Any CPU
		{BA68D45B-5B37-44BF-B3E8-16C12276F368}.Release|Any CPU.Build.0 = Release|Any CPU
	EndGlobalSection
	GlobalSection(SolutionProperties) = preSolution
		HideSolutionNode = FALSE
	EndGlobalSection
	GlobalSection(ExtensibilityGlobals) = postSolution
		SolutionGuid = {0519582C-2DEF-40CC-A83A-7259E69046CF}
	EndGlobalSection
EndGlobal
