
Microsoft Visual Studio Solution File, Format Version 12.00
# Visual Studio Version 17
VisualStudioVersion = 17.3.32804.467
MinimumVisualStudioVersion = 10.0.40219.1
Project("{FAE04EC0-301F-11D3-BF4B-00C04F79EFBC}") = "WebAPI", "WebAPI\WebAPI.csproj", "{AFD51E0E-A73D-40E2-A590-AF6F98CDCD80}"
EndProject
Project("{FAE04EC0-301F-11D3-BF4B-00C04F79EFBC}") = "WebMVC", "WebMVC\WebMVC.csproj", "{B2765922-7F60-4934-B921-11520527B51C}"
EndProject
Global
	GlobalSection(SolutionConfigurationPlatforms) = preSolution
		Debug|Any CPU = Debug|Any CPU
		Release|Any CPU = Release|Any CPU
	EndGlobalSection
	GlobalSection(ProjectConfigurationPlatforms) = postSolution
		{AFD51E0E-A73D-40E2-A590-AF6F98CDCD80}.Debug|Any CPU.ActiveCfg = Debug|Any CPU
		{AFD51E0E-A73D-40E2-A590-AF6F98CDCD80}.Debug|Any CPU.Build.0 = Debug|Any CPU
		{AFD51E0E-A73D-40E2-A590-AF6F98CDCD80}.Release|Any CPU.ActiveCfg = Release|Any CPU
		{AFD51E0E-A73D-40E2-A590-AF6F98CDCD80}.Release|Any CPU.Build.0 = Release|Any CPU
		{B2765922-7F60-4934-B921-11520527B51C}.Debug|Any CPU.ActiveCfg = Debug|Any CPU
		{B2765922-7F60-4934-B921-11520527B51C}.Debug|Any CPU.Build.0 = Debug|Any CPU
		{B2765922-7F60-4934-B921-11520527B51C}.Release|Any CPU.ActiveCfg = Release|Any CPU
		{B2765922-7F60-4934-B921-11520527B51C}.Release|Any CPU.Build.0 = Release|Any CPU
	EndGlobalSection
	GlobalSection(SolutionProperties) = preSolution
		HideSolutionNode = FALSE
	EndGlobalSection
	GlobalSection(ExtensibilityGlobals) = postSolution
		SolutionGuid = {449E66B0-F53B-4987-B9E2-3542D4FC7DCD}
	EndGlobalSection
EndGlobal
