
Microsoft Visual Studio Solution File, Format Version 12.00
# Visual Studio Version 17
VisualStudioVersion = 17.3.32804.467
MinimumVisualStudioVersion = 10.0.40219.1
Project("{FAE04EC0-301F-11D3-BF4B-00C04F79EFBC}") = "DemoDataType", "DemoDataType\DemoDataType.csproj", "{2621CE33-8D07-4D25-B970-C04C6BB7EF59}"
EndProject
Project("{FAE04EC0-301F-11D3-BF4B-00C04F79EFBC}") = "DemoConsole", "DemoConsole\DemoConsole.csproj", "{FA5D637B-102E-45AF-91AF-B064D233D2D6}"
EndProject
Global
	GlobalSection(SolutionConfigurationPlatforms) = preSolution
		Debug|Any CPU = Debug|Any CPU
		Release|Any CPU = Release|Any CPU
	EndGlobalSection
	GlobalSection(ProjectConfigurationPlatforms) = postSolution
		{2621CE33-8D07-4D25-B970-C04C6BB7EF59}.Debug|Any CPU.ActiveCfg = Debug|Any CPU
		{2621CE33-8D07-4D25-B970-C04C6BB7EF59}.Debug|Any CPU.Build.0 = Debug|Any CPU
		{2621CE33-8D07-4D25-B970-C04C6BB7EF59}.Release|Any CPU.ActiveCfg = Release|Any CPU
		{2621CE33-8D07-4D25-B970-C04C6BB7EF59}.Release|Any CPU.Build.0 = Release|Any CPU
		{FA5D637B-102E-45AF-91AF-B064D233D2D6}.Debug|Any CPU.ActiveCfg = Debug|Any CPU
		{FA5D637B-102E-45AF-91AF-B064D233D2D6}.Debug|Any CPU.Build.0 = Debug|Any CPU
		{FA5D637B-102E-45AF-91AF-B064D233D2D6}.Release|Any CPU.ActiveCfg = Release|Any CPU
		{FA5D637B-102E-45AF-91AF-B064D233D2D6}.Release|Any CPU.Build.0 = Release|Any CPU
	EndGlobalSection
	GlobalSection(SolutionProperties) = preSolution
		HideSolutionNode = FALSE
	EndGlobalSection
	GlobalSection(ExtensibilityGlobals) = postSolution
		SolutionGuid = {5EDF91E3-6835-4359-AB4D-36BC83E6CD6B}
	EndGlobalSection
EndGlobal
