
Microsoft Visual Studio Solution File, Format Version 12.00
# Visual Studio Version 17
VisualStudioVersion = 17.9.34511.98
MinimumVisualStudioVersion = 10.0.40219.1
Project("{FAE04EC0-301F-11D3-BF4B-00C04F79EFBC}") = "WebAPI1", "WebAPI1\WebAPI1.csproj", "{3C237B1C-6F88-488A-9FC6-5FF300916661}"
EndProject
Global
	GlobalSection(SolutionConfigurationPlatforms) = preSolution
		Debug|Any CPU = Debug|Any CPU
		Release|Any CPU = Release|Any CPU
	EndGlobalSection
	GlobalSection(ProjectConfigurationPlatforms) = postSolution
		{3C237B1C-6F88-488A-9FC6-5FF300916661}.Debug|Any CPU.ActiveCfg = Debug|Any CPU
		{3C237B1C-6F88-488A-9FC6-5FF300916661}.Debug|Any CPU.Build.0 = Debug|Any CPU
		{3C237B1C-6F88-488A-9FC6-5FF300916661}.Release|Any CPU.ActiveCfg = Release|Any CPU
		{3C237B1C-6F88-488A-9FC6-5FF300916661}.Release|Any CPU.Build.0 = Release|Any CPU
	EndGlobalSection
	GlobalSection(SolutionProperties) = preSolution
		HideSolutionNode = FALSE
	EndGlobalSection
	GlobalSection(ExtensibilityGlobals) = postSolution
		SolutionGuid = {4C1A6225-B8A0-439E-8D15-08CA057AC164}
	EndGlobalSection
EndGlobal
