
Microsoft Visual Studio Solution File, Format Version 12.00
# Visual Studio Version 17
VisualStudioVersion = 17.9.34310.174
MinimumVisualStudioVersion = 10.0.40219.1
Project("{FAE04EC0-301F-11D3-BF4B-00C04F79EFBC}") = "ConsoleAppDemo", "ConsoleAppDemo\ConsoleAppDemo.csproj", "{02D96A86-95C2-4413-98B4-953708BA31B1}"
EndProject
Global
	GlobalSection(SolutionConfigurationPlatforms) = preSolution
		Debug|Any CPU = Debug|Any CPU
		Release|Any CPU = Release|Any CPU
	EndGlobalSection
	GlobalSection(ProjectConfigurationPlatforms) = postSolution
		{02D96A86-95C2-4413-98B4-953708BA31B1}.Debug|Any CPU.ActiveCfg = Debug|Any CPU
		{02D96A86-95C2-4413-98B4-953708BA31B1}.Debug|Any CPU.Build.0 = Debug|Any CPU
		{02D96A86-95C2-4413-98B4-953708BA31B1}.Release|Any CPU.ActiveCfg = Release|Any CPU
		{02D96A86-95C2-4413-98B4-953708BA31B1}.Release|Any CPU.Build.0 = Release|Any CPU
	EndGlobalSection
	GlobalSection(SolutionProperties) = preSolution
		HideSolutionNode = FALSE
	EndGlobalSection
	GlobalSection(ExtensibilityGlobals) = postSolution
		SolutionGuid = {6AB25E5C-92AA-4E1F-AB30-4E6288EF9E61}
	EndGlobalSection
EndGlobal
